
Microsoft Visual Studio Solution File, Format Version 10.00
# Visual Studio 2008
Project("{FAE04EC0-301F-11D3-BF4B-00C04F79EFBC}") = "Mushikui Puzzle Workshop", "Mushikui Puzzle Workshop.csproj", "{1F5C2BF0-7AE7-4293-8D38-6CBF9267679F}"
EndProject
Global
	GlobalSection(SolutionConfigurationPlatforms) = preSolution
		Debug|Any CPU = Debug|Any CPU
		Release|Any CPU = Release|Any CPU
	EndGlobalSection
	GlobalSection(ProjectConfigurationPlatforms) = postSolution
		{1F5C2BF0-7AE7-4293-8D38-6CBF9267679F}.Debug|Any CPU.ActiveCfg = Debug|Any CPU
		{1F5C2BF0-7AE7-4293-8D38-6CBF9267679F}.Debug|Any CPU.Build.0 = Debug|Any CPU
		{1F5C2BF0-7AE7-4293-8D38-6CBF9267679F}.Release|Any CPU.ActiveCfg = Release|Any CPU
		{1F5C2BF0-7AE7-4293-8D38-6CBF9267679F}.Release|Any CPU.Build.0 = Release|Any CPU
	EndGlobalSection
	GlobalSection(SolutionProperties) = preSolution
		HideSolutionNode = FALSE
	EndGlobalSection
EndGlobal
